
Microsoft Visual Studio Solution File, Format Version 12.00
# Visual Studio Version 16
VisualStudioVersion = 16.0.30320.27
MinimumVisualStudioVersion = 10.0.40219.1
Project("{FAE04EC0-301F-11D3-BF4B-00C04F79EFBC}") = "PJT_Olive", "PJT_Olive\PJT_Olive.csproj", "{A51AD30B-C95D-4959-868E-BE592B8C72ED}"
EndProject
Project("{FAE04EC0-301F-11D3-BF4B-00C04F79EFBC}") = "OliveDAC", "OliveDAC\OliveDAC.csproj", "{053B27CA-8493-4B5A-BBF6-89EC28C28BE6}"
EndProject
Project("{FAE04EC0-301F-11D3-BF4B-00C04F79EFBC}") = "OliveVO", "OliveVO\OliveVO.csproj", "{2D2D5F11-D336-4D03-9740-DA05E21EAE2F}"
EndProject
Global
	GlobalSection(SolutionConfigurationPlatforms) = preSolution
		Debug|Any CPU = Debug|Any CPU
		Release|Any CPU = Release|Any CPU
	EndGlobalSection
	GlobalSection(ProjectConfigurationPlatforms) = postSolution
		{A51AD30B-C95D-4959-868E-BE592B8C72ED}.Debug|Any CPU.ActiveCfg = Debug|Any CPU
		{A51AD30B-C95D-4959-868E-BE592B8C72ED}.Debug|Any CPU.Build.0 = Debug|Any CPU
		{A51AD30B-C95D-4959-868E-BE592B8C72ED}.Release|Any CPU.ActiveCfg = Release|Any CPU
		{A51AD30B-C95D-4959-868E-BE592B8C72ED}.Release|Any CPU.Build.0 = Release|Any CPU
		{053B27CA-8493-4B5A-BBF6-89EC28C28BE6}.Debug|Any CPU.ActiveCfg = Debug|Any CPU
		{053B27CA-8493-4B5A-BBF6-89EC28C28BE6}.Debug|Any CPU.Build.0 = Debug|Any CPU
		{053B27CA-8493-4B5A-BBF6-89EC28C28BE6}.Release|Any CPU.ActiveCfg = Release|Any CPU
		{053B27CA-8493-4B5A-BBF6-89EC28C28BE6}.Release|Any CPU.Build.0 = Release|Any CPU
		{2D2D5F11-D336-4D03-9740-DA05E21EAE2F}.Debug|Any CPU.ActiveCfg = Debug|Any CPU
		{2D2D5F11-D336-4D03-9740-DA05E21EAE2F}.Debug|Any CPU.Build.0 = Debug|Any CPU
		{2D2D5F11-D336-4D03-9740-DA05E21EAE2F}.Release|Any CPU.ActiveCfg = Release|Any CPU
		{2D2D5F11-D336-4D03-9740-DA05E21EAE2F}.Release|Any CPU.Build.0 = Release|Any CPU
	EndGlobalSection
	GlobalSection(SolutionProperties) = preSolution
		HideSolutionNode = FALSE
	EndGlobalSection
	GlobalSection(ExtensibilityGlobals) = postSolution
		SolutionGuid = {7F34DBE1-6476-4807-984B-2FC5E3DE66F6}
	EndGlobalSection
EndGlobal
